// !$*UTF8*$!
{
	archiveVersion = 1;
	classes = {
	};
	objectVersion = 46;
	objects = {

/* Begin PBXBuildFile section */
		4607EDDB273542E34D4E4130 /* Pods_TrialTinderTests.framework in Frameworks */ = {isa = PBXBuildFile; fileRef = 9E8A8175F68F3014E486C6BB /* Pods_TrialTinderTests.framework */; };
		5B754B6B1F03D29600EF1DC9 /* AppDelegate.swift in Sources */ = {isa = PBXBuildFile; fileRef = 5B754B6A1F03D29600EF1DC9 /* AppDelegate.swift */; };
		5B754B6D1F03D29600EF1DC9 /* SwipeViewController.swift in Sources */ = {isa = PBXBuildFile; fileRef = 5B754B6C1F03D29600EF1DC9 /* SwipeViewController.swift */; };
		5B754B701F03D29600EF1DC9 /* Main.storyboard in Resources */ = {isa = PBXBuildFile; fileRef = 5B754B6E1F03D29600EF1DC9 /* Main.storyboard */; };
		5B754B721F03D29600EF1DC9 /* Assets.xcassets in Resources */ = {isa = PBXBuildFile; fileRef = 5B754B711F03D29600EF1DC9 /* Assets.xcassets */; };
		5B754B751F03D29600EF1DC9 /* LaunchScreen.storyboard in Resources */ = {isa = PBXBuildFile; fileRef = 5B754B731F03D29600EF1DC9 /* LaunchScreen.storyboard */; };
		5B754B801F03D29600EF1DC9 /* TrialTinderTests.swift in Sources */ = {isa = PBXBuildFile; fileRef = 5B754B7F1F03D29600EF1DC9 /* TrialTinderTests.swift */; };
		5B754B911F03DED300EF1DC9 /* CustomKolodaView.swift in Sources */ = {isa = PBXBuildFile; fileRef = 5B754B901F03DED300EF1DC9 /* CustomKolodaView.swift */; };
		EAB8B0870BD02334A10F36C0 /* Pods_TrialTinder.framework in Frameworks */ = {isa = PBXBuildFile; fileRef = F0D2BCD53BF13AD4145CA599 /* Pods_TrialTinder.framework */; };
/* End PBXBuildFile section */

/* Begin PBXContainerItemProxy section */
		5B754B7C1F03D29600EF1DC9 /* PBXContainerItemProxy */ = {
			isa = PBXContainerItemProxy;
			containerPortal = 5B754B5F1F03D29600EF1DC9 /* Project object */;
			proxyType = 1;
			remoteGlobalIDString = 5B754B661F03D29600EF1DC9;
			remoteInfo = TrialTinder;
		};
/* End PBXContainerItemProxy section */

/* Begin PBXFileReference section */
		094CBBCEA3839E189D1DB633 /* Pods-TrialTinderTests.release.xcconfig */ = {isa = PBXFileReference; includeInIndex = 1; lastKnownFileType = text.xcconfig; name = "Pods-TrialTinderTests.release.xcconfig"; path = "Pods/Target Support Files/Pods-TrialTinderTests/Pods-TrialTinderTests.release.xcconfig"; sourceTree = "<group>"; };
		176B20397A36B950173B19C9 /* Pods-TrialTinder.debug.xcconfig */ = {isa = PBXFileReference; includeInIndex = 1; lastKnownFileType = text.xcconfig; name = "Pods-TrialTinder.debug.xcconfig"; path = "Pods/Target Support Files/Pods-TrialTinder/Pods-TrialTinder.debug.xcconfig"; sourceTree = "<group>"; };
		287D6F675FA8F13023D86DCA /* Pods-TrialTinder.release.xcconfig */ = {isa = PBXFileReference; includeInIndex = 1; lastKnownFileType = text.xcconfig; name = "Pods-TrialTinder.release.xcconfig"; path = "Pods/Target Support Files/Pods-TrialTinder/Pods-TrialTinder.release.xcconfig"; sourceTree = "<group>"; };
		5B754B671F03D29600EF1DC9 /* TrialTinder.app */ = {isa = PBXFileReference; explicitFileType = wrapper.application; includeInIndex = 0; path = TrialTinder.app; sourceTree = BUILT_PRODUCTS_DIR; };
		5B754B6A1F03D29600EF1DC9 /* AppDelegate.swift */ = {isa = PBXFileReference; lastKnownFileType = sourcecode.swift; path = AppDelegate.swift; sourceTree = "<group>"; };
		5B754B6C1F03D29600EF1DC9 /* SwipeViewController.swift */ = {isa = PBXFileReference; lastKnownFileType = sourcecode.swift; path = SwipeViewController.swift; sourceTree = "<group>"; };
		5B754B6F1F03D29600EF1DC9 /* Base */ = {isa = PBXFileReference; lastKnownFileType = file.storyboard; name = Base; path = Base.lproj/Main.storyboard; sourceTree = "<group>"; };
		5B754B711F03D29600EF1DC9 /* Assets.xcassets */ = {isa = PBXFileReference; lastKnownFileType = folder.assetcatalog; path = Assets.xcassets; sourceTree = "<group>"; };
		5B754B741F03D29600EF1DC9 /* Base */ = {isa = PBXFileReference; lastKnownFileType = file.storyboard; name = Base; path = Base.lproj/LaunchScreen.storyboard; sourceTree = "<group>"; };
		5B754B761F03D29600EF1DC9 /* Info.plist */ = {isa = PBXFileReference; lastKnownFileType = text.plist.xml; path = Info.plist; sourceTree = "<group>"; };
		5B754B7B1F03D29600EF1DC9 /* TrialTinderTests.xctest */ = {isa = PBXFileReference; explicitFileType = wrapper.cfbundle; includeInIndex = 0; path = TrialTinderTests.xctest; sourceTree = BUILT_PRODUCTS_DIR; };
		5B754B7F1F03D29600EF1DC9 /* TrialTinderTests.swift */ = {isa = PBXFileReference; lastKnownFileType = sourcecode.swift; path = TrialTinderTests.swift; sourceTree = "<group>"; };
		5B754B811F03D29600EF1DC9 /* Info.plist */ = {isa = PBXFileReference; lastKnownFileType = text.plist.xml; path = Info.plist; sourceTree = "<group>"; };
		5B754B8B1F03D93800EF1DC9 /* Koloda.framework */ = {isa = PBXFileReference; lastKnownFileType = wrapper.framework; name = Koloda.framework; path = Carthage/Build/iOS/Koloda.framework; sourceTree = "<group>"; };
		5B754B8C1F03D93800EF1DC9 /* pop.framework */ = {isa = PBXFileReference; lastKnownFileType = wrapper.framework; name = pop.framework; path = Carthage/Build/iOS/pop.framework; sourceTree = "<group>"; };
		5B754B901F03DED300EF1DC9 /* CustomKolodaView.swift */ = {isa = PBXFileReference; fileEncoding = 4; lastKnownFileType = sourcecode.swift; path = CustomKolodaView.swift; sourceTree = "<group>"; };
		9E8A8175F68F3014E486C6BB /* Pods_TrialTinderTests.framework */ = {isa = PBXFileReference; explicitFileType = wrapper.framework; includeInIndex = 0; path = Pods_TrialTinderTests.framework; sourceTree = BUILT_PRODUCTS_DIR; };
		F0D2BCD53BF13AD4145CA599 /* Pods_TrialTinder.framework */ = {isa = PBXFileReference; explicitFileType = wrapper.framework; includeInIndex = 0; path = Pods_TrialTinder.framework; sourceTree = BUILT_PRODUCTS_DIR; };
		F32F1CFCFD027659F02D5AAE /* Pods-TrialTinderTests.debug.xcconfig */ = {isa = PBXFileReference; includeInIndex = 1; lastKnownFileType = text.xcconfig; name = "Pods-TrialTinderTests.debug.xcconfig"; path = "Pods/Target Support Files/Pods-TrialTinderTests/Pods-TrialTinderTests.debug.xcconfig"; sourceTree = "<group>"; };
/* End PBXFileReference section */

/* Begin PBXFrameworksBuildPhase section */
		5B754B641F03D29600EF1DC9 /* Frameworks */ = {
			isa = PBXFrameworksBuildPhase;
			buildActionMask = 2147483647;
			files = (
				EAB8B0870BD02334A10F36C0 /* Pods_TrialTinder.framework in Frameworks */,
			);
			runOnlyForDeploymentPostprocessing = 0;
		};
		5B754B781F03D29600EF1DC9 /* Frameworks */ = {
			isa = PBXFrameworksBuildPhase;
			buildActionMask = 2147483647;
			files = (
				4607EDDB273542E34D4E4130 /* Pods_TrialTinderTests.framework in Frameworks */,
			);
			runOnlyForDeploymentPostprocessing = 0;
		};
/* End PBXFrameworksBuildPhase section */

/* Begin PBXGroup section */
		5B754B5E1F03D29600EF1DC9 = {
			isa = PBXGroup;
			children = (
				5B754B691F03D29600EF1DC9 /* TrialTinder */,
				5B754B7E1F03D29600EF1DC9 /* TrialTinderTests */,
				5B754B681F03D29600EF1DC9 /* Products */,
				5B754B8A1F03D93700EF1DC9 /* Frameworks */,
				F9D471A41981BBBB0648732C /* Pods */,
			);
			sourceTree = "<group>";
		};
		5B754B681F03D29600EF1DC9 /* Products */ = {
			isa = PBXGroup;
			children = (
				5B754B671F03D29600EF1DC9 /* TrialTinder.app */,
				5B754B7B1F03D29600EF1DC9 /* TrialTinderTests.xctest */,
			);
			name = Products;
			sourceTree = "<group>";
		};
		5B754B691F03D29600EF1DC9 /* TrialTinder */ = {
			isa = PBXGroup;
			children = (
				5B754B6A1F03D29600EF1DC9 /* AppDelegate.swift */,
				5B754B6C1F03D29600EF1DC9 /* SwipeViewController.swift */,
				5B754B901F03DED300EF1DC9 /* CustomKolodaView.swift */,
				5B754B6E1F03D29600EF1DC9 /* Main.storyboard */,
				5B754B711F03D29600EF1DC9 /* Assets.xcassets */,
				5B754B731F03D29600EF1DC9 /* LaunchScreen.storyboard */,
				5B754B761F03D29600EF1DC9 /* Info.plist */,
			);
			path = TrialTinder;
			sourceTree = "<group>";
		};
		5B754B7E1F03D29600EF1DC9 /* TrialTinderTests */ = {
			isa = PBXGroup;
			children = (
				5B754B7F1F03D29600EF1DC9 /* TrialTinderTests.swift */,
				5B754B811F03D29600EF1DC9 /* Info.plist */,
			);
			path = TrialTinderTests;
			sourceTree = "<group>";
		};
		5B754B8A1F03D93700EF1DC9 /* Frameworks */ = {
			isa = PBXGroup;
			children = (
				5B754B8B1F03D93800EF1DC9 /* Koloda.framework */,
				5B754B8C1F03D93800EF1DC9 /* pop.framework */,
				F0D2BCD53BF13AD4145CA599 /* Pods_TrialTinder.framework */,
				9E8A8175F68F3014E486C6BB /* Pods_TrialTinderTests.framework */,
			);
			name = Frameworks;
			sourceTree = "<group>";
		};
		F9D471A41981BBBB0648732C /* Pods */ = {
			isa = PBXGroup;
			children = (
				176B20397A36B950173B19C9 /* Pods-TrialTinder.debug.xcconfig */,
				287D6F675FA8F13023D86DCA /* Pods-TrialTinder.release.xcconfig */,
				F32F1CFCFD027659F02D5AAE /* Pods-TrialTinderTests.debug.xcconfig */,
				094CBBCEA3839E189D1DB633 /* Pods-TrialTinderTests.release.xcconfig */,
			);
			name = Pods;
			sourceTree = "<group>";
		};
/* End PBXGroup section */

/* Begin PBXNativeTarget section */
		5B754B661F03D29600EF1DC9 /* TrialTinder */ = {
			isa = PBXNativeTarget;
			buildConfigurationList = 5B754B841F03D29600EF1DC9 /* Build configuration list for PBXNativeTarget "TrialTinder" */;
			buildPhases = (
				05AF74448B3FC72A4161EA34 /* [CP] Check Pods Manifest.lock */,
				5B754B631F03D29600EF1DC9 /* Sources */,
				5B754B641F03D29600EF1DC9 /* Frameworks */,
				5B754B651F03D29600EF1DC9 /* Resources */,
				624FD43AEB29B4CECE2DE405 /* [CP] Embed Pods Frameworks */,
				C9F9A3D0DBDDFBBE537FF685 /* [CP] Copy Pods Resources */,
			);
			buildRules = (
			);
			dependencies = (
			);
			name = TrialTinder;
			productName = TrialTinder;
			productReference = 5B754B671F03D29600EF1DC9 /* TrialTinder.app */;
			productType = "com.apple.product-type.application";
		};
		5B754B7A1F03D29600EF1DC9 /* TrialTinderTests */ = {
			isa = PBXNativeTarget;
			buildConfigurationList = 5B754B871F03D29600EF1DC9 /* Build configuration list for PBXNativeTarget "TrialTinderTests" */;
			buildPhases = (
				55EB938851C2CBF219080F13 /* [CP] Check Pods Manifest.lock */,
				5B754B771F03D29600EF1DC9 /* Sources */,
				5B754B781F03D29600EF1DC9 /* Frameworks */,
				5B754B791F03D29600EF1DC9 /* Resources */,
				9D0D9AE424EA3A5AE328A211 /* [CP] Embed Pods Frameworks */,
				2F086758BEF0BF961DB3F827 /* [CP] Copy Pods Resources */,
			);
			buildRules = (
			);
			dependencies = (
				5B754B7D1F03D29600EF1DC9 /* PBXTargetDependency */,
			);
			name = TrialTinderTests;
			productName = TrialTinderTests;
			productReference = 5B754B7B1F03D29600EF1DC9 /* TrialTinderTests.xctest */;
			productType = "com.apple.product-type.bundle.unit-test";
		};
/* End PBXNativeTarget section */

/* Begin PBXProject section */
		5B754B5F1F03D29600EF1DC9 /* Project object */ = {
			isa = PBXProject;
			attributes = {
				LastSwiftUpdateCheck = 0830;
				LastUpgradeCheck = 0830;
				ORGANIZATIONNAME = 3smurfs.com;
				TargetAttributes = {
					5B754B661F03D29600EF1DC9 = {
						CreatedOnToolsVersion = 8.3.2;
						DevelopmentTeam = JZ92YFTR72;
						ProvisioningStyle = Automatic;
					};
					5B754B7A1F03D29600EF1DC9 = {
						CreatedOnToolsVersion = 8.3.2;
						DevelopmentTeam = JZ92YFTR72;
						ProvisioningStyle = Automatic;
						TestTargetID = 5B754B661F03D29600EF1DC9;
					};
				};
			};
			buildConfigurationList = 5B754B621F03D29600EF1DC9 /* Build configuration list for PBXProject "TrialTinder" */;
			compatibilityVersion = "Xcode 3.2";
			developmentRegion = English;
			hasScannedForEncodings = 0;
			knownRegions = (
				en,
				Base,
			);
			mainGroup = 5B754B5E1F03D29600EF1DC9;
			productRefGroup = 5B754B681F03D29600EF1DC9 /* Products */;
			projectDirPath = "";
			projectRoot = "";
			targets = (
				5B754B661F03D29600EF1DC9 /* TrialTinder */,
				5B754B7A1F03D29600EF1DC9 /* TrialTinderTests */,
			);
		};
/* End PBXProject section */

/* Begin PBXResourcesBuildPhase section */
		5B754B651F03D29600EF1DC9 /* Resources */ = {
			isa = PBXResourcesBuildPhase;
			buildActionMask = 2147483647;
			files = (
				5B754B751F03D29600EF1DC9 /* LaunchScreen.storyboard in Resources */,
				5B754B721F03D29600EF1DC9 /* Assets.xcassets in Resources */,
				5B754B701F03D29600EF1DC9 /* Main.storyboard in Resources */,
			);
			runOnlyForDeploymentPostprocessing = 0;
		};
		5B754B791F03D29600EF1DC9 /* Resources */ = {
			isa = PBXResourcesBuildPhase;
			buildActionMask = 2147483647;
			files = (
			);
			runOnlyForDeploymentPostprocessing = 0;
		};
/* End PBXResourcesBuildPhase section */

/* Begin PBXShellScriptBuildPhase section */
		05AF74448B3FC72A4161EA34 /* [CP] Check Pods Manifest.lock */ = {
			isa = PBXShellScriptBuildPhase;
			buildActionMask = 2147483647;
			files = (
			);
			inputPaths = (
			);
			name = "[CP] Check Pods Manifest.lock";
			outputPaths = (
			);
			runOnlyForDeploymentPostprocessing = 0;
			shellPath = /bin/sh;
			shellScript = "diff \"${PODS_ROOT}/../Podfile.lock\" \"${PODS_ROOT}/Manifest.lock\" > /dev/null\nif [ $? != 0 ] ; then\n    # print error to STDERR\n    echo \"error: The sandbox is not in sync with the Podfile.lock. Run 'pod install' or update your CocoaPods installation.\" >&2\n    exit 1\nfi\n";
			showEnvVarsInLog = 0;
		};
		2F086758BEF0BF961DB3F827 /* [CP] Copy Pods Resources */ = {
			isa = PBXShellScriptBuildPhase;
			buildActionMask = 2147483647;
			files = (
			);
			inputPaths = (
			);
			name = "[CP] Copy Pods Resources";
			outputPaths = (
			);
			runOnlyForDeploymentPostprocessing = 0;
			shellPath = /bin/sh;
			shellScript = "\"${SRCROOT}/Pods/Target Support Files/Pods-TrialTinderTests/Pods-TrialTinderTests-resources.sh\"\n";
			showEnvVarsInLog = 0;
		};
		55EB938851C2CBF219080F13 /* [CP] Check Pods Manifest.lock */ = {
			isa = PBXShellScriptBuildPhase;
			buildActionMask = 2147483647;
			files = (
			);
			inputPaths = (
			);
			name = "[CP] Check Pods Manifest.lock";
			outputPaths = (
			);
			runOnlyForDeploymentPostprocessing = 0;
			shellPath = /bin/sh;
			shellScript = "diff \"${PODS_ROOT}/../Podfile.lock\" \"${PODS_ROOT}/Manifest.lock\" > /dev/null\nif [ $? != 0 ] ; then\n    # print error to STDERR\n    echo \"error: The sandbox is not in sync with the Podfile.lock. Run 'pod install' or update your CocoaPods installation.\" >&2\n    exit 1\nfi\n";
			showEnvVarsInLog = 0;
		};
		624FD43AEB29B4CECE2DE405 /* [CP] Embed Pods Frameworks */ = {
			isa = PBXShellScriptBuildPhase;
			buildActionMask = 2147483647;
			files = (
			);
			inputPaths = (
			);
			name = "[CP] Embed Pods Frameworks";
			outputPaths = (
			);
			runOnlyForDeploymentPostprocessing = 0;
			shellPath = /bin/sh;
			shellScript = "\"${SRCROOT}/Pods/Target Support Files/Pods-TrialTinder/Pods-TrialTinder-frameworks.sh\"\n";
			showEnvVarsInLog = 0;
		};
		9D0D9AE424EA3A5AE328A211 /* [CP] Embed Pods Frameworks */ = {
			isa = PBXShellScriptBuildPhase;
			buildActionMask = 2147483647;
			files = (
			);
			inputPaths = (
			);
			name = "[CP] Embed Pods Frameworks";
			outputPaths = (
			);
			runOnlyForDeploymentPostprocessing = 0;
			shellPath = /bin/sh;
			shellScript = "\"${SRCROOT}/Pods/Target Support Files/Pods-TrialTinderTests/Pods-TrialTinderTests-frameworks.sh\"\n";
			showEnvVarsInLog = 0;
		};
		C9F9A3D0DBDDFBBE537FF685 /* [CP] Copy Pods Resources */ = {
			isa = PBXShellScriptBuildPhase;
			buildActionMask = 2147483647;
			files = (
			);
			inputPaths = (
			);
			name = "[CP] Copy Pods Resources";
			outputPaths = (
			);
			runOnlyForDeploymentPostprocessing = 0;
			shellPath = /bin/sh;
			shellScript = "\"${SRCROOT}/Pods/Target Support Files/Pods-TrialTinder/Pods-TrialTinder-resources.sh\"\n";
			showEnvVarsInLog = 0;
		};
/* End PBXShellScriptBuildPhase section */

/* Begin PBXSourcesBuildPhase section */
		5B754B631F03D29600EF1DC9 /* Sources */ = {
			isa = PBXSourcesBuildPhase;
			buildActionMask = 2147483647;
			files = (
				5B754B911F03DED300EF1DC9 /* CustomKolodaView.swift in Sources */,
				5B754B6D1F03D29600EF1DC9 /* SwipeViewController.swift in Sources */,
				5B754B6B1F03D29600EF1DC9 /* AppDelegate.swift in Sources */,
			);
			runOnlyForDeploymentPostprocessing = 0;
		};
		5B754B771F03D29600EF1DC9 /* Sources */ = {
			isa = PBXSourcesBuildPhase;
			buildActionMask = 2147483647;
			files = (
				5B754B801F03D29600EF1DC9 /* TrialTinderTests.swift in Sources */,
			);
			runOnlyForDeploymentPostprocessing = 0;
		};
/* End PBXSourcesBuildPhase section */

/* Begin PBXTargetDependency section */
		5B754B7D1F03D29600EF1DC9 /* PBXTargetDependency */ = {
			isa = PBXTargetDependency;
			target = 5B754B661F03D29600EF1DC9 /* TrialTinder */;
			targetProxy = 5B754B7C1F03D29600EF1DC9 /* PBXContainerItemProxy */;
		};
/* End PBXTargetDependency section */

/* Begin PBXVariantGroup section */
		5B754B6E1F03D29600EF1DC9 /* Main.storyboard */ = {
			isa = PBXVariantGroup;
			children = (
				5B754B6F1F03D29600EF1DC9 /* Base */,
			);
			name = Main.storyboard;
			sourceTree = "<group>";
		};
		5B754B731F03D29600EF1DC9 /* LaunchScreen.storyboard */ = {
			isa = PBXVariantGroup;
			children = (
				5B754B741F03D29600EF1DC9 /* Base */,
			);
			name = LaunchScreen.storyboard;
			sourceTree = "<group>";
		};
/* End PBXVariantGroup section */

/* Begin XCBuildConfiguration section */
		5B754B821F03D29600EF1DC9 /* Debug */ = {
			isa = XCBuildConfiguration;
			buildSettings = {
				ALWAYS_SEARCH_USER_PATHS = NO;
				CLANG_ANALYZER_NONNULL = YES;
				CLANG_ANALYZER_NUMBER_OBJECT_CONVERSION = YES_AGGRESSIVE;
				CLANG_CXX_LANGUAGE_STANDARD = "gnu++0x";
				CLANG_CXX_LIBRARY = "libc++";
				CLANG_ENABLE_MODULES = YES;
				CLANG_ENABLE_OBJC_ARC = YES;
				CLANG_WARN_BOOL_CONVERSION = YES;
				CLANG_WARN_CONSTANT_CONVERSION = YES;
				CLANG_WARN_DIRECT_OBJC_ISA_USAGE = YES_ERROR;
				CLANG_WARN_DOCUMENTATION_COMMENTS = YES;
				CLANG_WARN_EMPTY_BODY = YES;
				CLANG_WARN_ENUM_CONVERSION = YES;
				CLANG_WARN_INFINITE_RECURSION = YES;
				CLANG_WARN_INT_CONVERSION = YES;
				CLANG_WARN_OBJC_ROOT_CLASS = YES_ERROR;
				CLANG_WARN_SUSPICIOUS_MOVE = YES;
				CLANG_WARN_UNREACHABLE_CODE = YES;
				CLANG_WARN__DUPLICATE_METHOD_MATCH = YES;
				"CODE_SIGN_IDENTITY[sdk=iphoneos*]" = "iPhone Developer";
				COPY_PHASE_STRIP = NO;
				DEBUG_INFORMATION_FORMAT = dwarf;
				ENABLE_STRICT_OBJC_MSGSEND = YES;
				ENABLE_TESTABILITY = YES;
				GCC_C_LANGUAGE_STANDARD = gnu99;
				GCC_DYNAMIC_NO_PIC = NO;
				GCC_NO_COMMON_BLOCKS = YES;
				GCC_OPTIMIZATION_LEVEL = 0;
				GCC_PREPROCESSOR_DEFINITIONS = (
					"DEBUG=1",
					"$(inherited)",
				);
				GCC_WARN_64_TO_32_BIT_CONVERSION = YES;
				GCC_WARN_ABOUT_RETURN_TYPE = YES_ERROR;
				GCC_WARN_UNDECLARED_SELECTOR = YES;
				GCC_WARN_UNINITIALIZED_AUTOS = YES_AGGRESSIVE;
				GCC_WARN_UNUSED_FUNCTION = YES;
				GCC_WARN_UNUSED_VARIABLE = YES;
				IPHONEOS_DEPLOYMENT_TARGET = 10.3;
				MTL_ENABLE_DEBUG_INFO = YES;
				ONLY_ACTIVE_ARCH = YES;
				SDKROOT = iphoneos;
				SWIFT_ACTIVE_COMPILATION_CONDITIONS = DEBUG;
				SWIFT_OPTIMIZATION_LEVEL = "-Onone";
				TARGETED_DEVICE_FAMILY = "1,2";
			};
			name = Debug;
		};
		5B754B831F03D29600EF1DC9 /* Release */ = {
			isa = XCBuildConfiguration;
			buildSettings = {
				ALWAYS_SEARCH_USER_PATHS = NO;
				CLANG_ANALYZER_NONNULL = YES;
				CLANG_ANALYZER_NUMBER_OBJECT_CONVERSION = YES_AGGRESSIVE;
				CLANG_CXX_LANGUAGE_STANDARD = "gnu++0x";
				CLANG_CXX_LIBRARY = "libc++";
				CLANG_ENABLE_MODULES = YES;
				CLANG_ENABLE_OBJC_ARC = YES;
				CLANG_WARN_BOOL_CONVERSION = YES;
				CLANG_WARN_CONSTANT_CONVERSION = YES;
				CLANG_WARN_DIRECT_OBJC_ISA_USAGE = YES_ERROR;
				CLANG_WARN_DOCUMENTATION_COMMENTS = YES;
				CLANG_WARN_EMPTY_BODY = YES;
				CLANG_WARN_ENUM_CONVERSION = YES;
				CLANG_WARN_INFINITE_RECURSION = YES;
				CLANG_WARN_INT_CONVERSION = YES;
				CLANG_WARN_OBJC_ROOT_CLASS = YES_ERROR;
				CLANG_WARN_SUSPICIOUS_MOVE = YES;
				CLANG_WARN_UNREACHABLE_CODE = YES;
				CLANG_WARN__DUPLICATE_METHOD_MATCH = YES;
				"CODE_SIGN_IDENTITY[sdk=iphoneos*]" = "iPhone Developer";
				COPY_PHASE_STRIP = NO;
				DEBUG_INFORMATION_FORMAT = "dwarf-with-dsym";
				ENABLE_NS_ASSERTIONS = NO;
				ENABLE_STRICT_OBJC_MSGSEND = YES;
				GCC_C_LANGUAGE_STANDARD = gnu99;
				GCC_NO_COMMON_BLOCKS = YES;
				GCC_WARN_64_TO_32_BIT_CONVERSION = YES;
				GCC_WARN_ABOUT_RETURN_TYPE = YES_ERROR;
				GCC_WARN_UNDECLARED_SELECTOR = YES;
				GCC_WARN_UNINITIALIZED_AUTOS = YES_AGGRESSIVE;
				GCC_WARN_UNUSED_FUNCTION = YES;
				GCC_WARN_UNUSED_VARIABLE = YES;
				IPHONEOS_DEPLOYMENT_TARGET = 10.3;
				MTL_ENABLE_DEBUG_INFO = NO;
				SDKROOT = iphoneos;
				SWIFT_OPTIMIZATION_LEVEL = "-Owholemodule";
				TARGETED_DEVICE_FAMILY = "1,2";
				VALIDATE_PRODUCT = YES;
			};
			name = Release;
		};
		5B754B851F03D29600EF1DC9 /* Debug */ = {
			isa = XCBuildConfiguration;
			baseConfigurationReference = 176B20397A36B950173B19C9 /* Pods-TrialTinder.debug.xcconfig */;
			buildSettings = {
				ASSETCATALOG_COMPILER_APPICON_NAME = AppIcon;
				DEVELOPMENT_TEAM = JZ92YFTR72;
				FRAMEWORK_SEARCH_PATHS = (
					"$(inherited)",
					"$(PROJECT_DIR)/Carthage/Build/iOS",
				);
				INFOPLIST_FILE = TrialTinder/Info.plist;
				LD_RUNPATH_SEARCH_PATHS = "$(inherited) @executable_path/Frameworks";
				PRODUCT_BUNDLE_IDENTIFIER = com.agamz.TrialTinder;
				PRODUCT_NAME = "$(TARGET_NAME)";
				SWIFT_VERSION = 3.0;
			};
			name = Debug;
		};
		5B754B861F03D29600EF1DC9 /* Release */ = {
			isa = XCBuildConfiguration;
			baseConfigurationReference = 287D6F675FA8F13023D86DCA /* Pods-TrialTinder.release.xcconfig */;
			buildSettings = {
				ASSETCATALOG_COMPILER_APPICON_NAME = AppIcon;
				DEVELOPMENT_TEAM = JZ92YFTR72;
				FRAMEWORK_SEARCH_PATHS = (
					"$(inherited)",
					"$(PROJECT_DIR)/Carthage/Build/iOS",
				);
				INFOPLIST_FILE = TrialTinder/Info.plist;
				LD_RUNPATH_SEARCH_PATHS = "$(inherited) @executable_path/Frameworks";
				PRODUCT_BUNDLE_IDENTIFIER = com.agamz.TrialTinder;
				PRODUCT_NAME = "$(TARGET_NAME)";
				SWIFT_VERSION = 3.0;
			};
			name = Release;
		};
		5B754B881F03D29600EF1DC9 /* Debug */ = {
			isa = XCBuildConfiguration;
			baseConfigurationReference = F32F1CFCFD027659F02D5AAE /* Pods-TrialTinderTests.debug.xcconfig */;
			buildSettings = {
				ALWAYS_EMBED_SWIFT_STANDARD_LIBRARIES = YES;
				BUNDLE_LOADER = "$(TEST_HOST)";
				DEVELOPMENT_TEAM = JZ92YFTR72;
				INFOPLIST_FILE = TrialTinderTests/Info.plist;
				LD_RUNPATH_SEARCH_PATHS = "$(inherited) @executable_path/Frameworks @loader_path/Frameworks";
				PRODUCT_BUNDLE_IDENTIFIER = com.agamz.TrialTinderTests;
				PRODUCT_NAME = "$(TARGET_NAME)";
				SWIFT_VERSION = 3.0;
				TEST_HOST = "$(BUILT_PRODUCTS_DIR)/TrialTinder.app/TrialTinder";
			};
			name = Debug;
		};
		5B754B891F03D29600EF1DC9 /* Release */ = {
			isa = XCBuildConfiguration;
			baseConfigurationReference = 094CBBCEA3839E189D1DB633 /* Pods-TrialTinderTests.release.xcconfig */;
			buildSettings = {
				ALWAYS_EMBED_SWIFT_STANDARD_LIBRARIES = YES;
				BUNDLE_LOADER = "$(TEST_HOST)";
				DEVELOPMENT_TEAM = JZ92YFTR72;
				INFOPLIST_FILE = TrialTinderTests/Info.plist;
				LD_RUNPATH_SEARCH_PATHS = "$(inherited) @executable_path/Frameworks @loader_path/Frameworks";
				PRODUCT_BUNDLE_IDENTIFIER = com.agamz.TrialTinderTests;
				PRODUCT_NAME = "$(TARGET_NAME)";
				SWIFT_VERSION = 3.0;
				TEST_HOST = "$(BUILT_PRODUCTS_DIR)/TrialTinder.app/TrialTinder";
			};
			name = Release;
		};
/* End XCBuildConfiguration section */

/* Begin XCConfigurationList section */
		5B754B621F03D29600EF1DC9 /* Build configuration list for PBXProject "TrialTinder" */ = {
			isa = XCConfigurationList;
			buildConfigurations = (
				5B754B821F03D29600EF1DC9 /* Debug */,
				5B754B831F03D29600EF1DC9 /* Release */,
			);
			defaultConfigurationIsVisible = 0;
			defaultConfigurationName = Release;
		};
		5B754B841F03D29600EF1DC9 /* Build configuration list for PBXNativeTarget "TrialTinder" */ = {
			isa = XCConfigurationList;
			buildConfigurations = (
				5B754B851F03D29600EF1DC9 /* Debug */,
				5B754B861F03D29600EF1DC9 /* Release */,
			);
			defaultConfigurationIsVisible = 0;
			defaultConfigurationName = Release;
		};
		5B754B871F03D29600EF1DC9 /* Build configuration list for PBXNativeTarget "TrialTinderTests" */ = {
			isa = XCConfigurationList;
			buildConfigurations = (
				5B754B881F03D29600EF1DC9 /* Debug */,
				5B754B891F03D29600EF1DC9 /* Release */,
			);
			defaultConfigurationIsVisible = 0;
			defaultConfigurationName = Release;
		};
/* End XCConfigurationList section */
	};
	rootObject = 5B754B5F1F03D29600EF1DC9 /* Project object */;
}
